
Microsoft Visual Studio Solution File, Format Version 12.00
# Visual Studio Version 16
VisualStudioVersion = 16.0.29709.97
MinimumVisualStudioVersion = 10.0.40219.1
Project("{2150E333-8FDC-42A3-9474-1A3956D46DE8}") = "src", "src", "{14D971A0-DD87-4A9D-A4EE-0320F923745F}"
EndProject
Project("{2150E333-8FDC-42A3-9474-1A3956D46DE8}") = "tests", "tests", "{979DB5D1-E8CC-48E5-B674-6A5AB8D4923C}"
EndProject
Project("{FAE04EC0-301F-11D3-BF4B-00C04F79EFBC}") = "Types", "src\Types\Types.csproj", "{B69C6985-26CB-4487-9FE7-B1BD48C812E5}"
EndProject
Project("{FAE04EC0-301F-11D3-BF4B-00C04F79EFBC}") = "Types.Tests", "tests\Types.Tests\Types.Tests.csproj", "{AFEC8B28-8585-4FF5-9A37-A986D0B7C82D}"
EndProject
Global
	GlobalSection(SolutionConfigurationPlatforms) = preSolution
		Debug|Any CPU = Debug|Any CPU
		Release|Any CPU = Release|Any CPU
	EndGlobalSection
	GlobalSection(ProjectConfigurationPlatforms) = postSolution
		{B69C6985-26CB-4487-9FE7-B1BD48C812E5}.Debug|Any CPU.ActiveCfg = Debug|Any CPU
		{B69C6985-26CB-4487-9FE7-B1BD48C812E5}.Debug|Any CPU.Build.0 = Debug|Any CPU
		{B69C6985-26CB-4487-9FE7-B1BD48C812E5}.Release|Any CPU.ActiveCfg = Release|Any CPU
		{B69C6985-26CB-4487-9FE7-B1BD48C812E5}.Release|Any CPU.Build.0 = Release|Any CPU
		{AFEC8B28-8585-4FF5-9A37-A986D0B7C82D}.Debug|Any CPU.ActiveCfg = Debug|Any CPU
		{AFEC8B28-8585-4FF5-9A37-A986D0B7C82D}.Debug|Any CPU.Build.0 = Debug|Any CPU
		{AFEC8B28-8585-4FF5-9A37-A986D0B7C82D}.Release|Any CPU.ActiveCfg = Release|Any CPU
		{AFEC8B28-8585-4FF5-9A37-A986D0B7C82D}.Release|Any CPU.Build.0 = Release|Any CPU
	EndGlobalSection
	GlobalSection(SolutionProperties) = preSolution
		HideSolutionNode = FALSE
	EndGlobalSection
	GlobalSection(NestedProjects) = preSolution
		{B69C6985-26CB-4487-9FE7-B1BD48C812E5} = {14D971A0-DD87-4A9D-A4EE-0320F923745F}
		{AFEC8B28-8585-4FF5-9A37-A986D0B7C82D} = {979DB5D1-E8CC-48E5-B674-6A5AB8D4923C}
	EndGlobalSection
	GlobalSection(ExtensibilityGlobals) = postSolution
		SolutionGuid = {85A9ECAD-A1A5-4243-A365-5462A634DE55}
	EndGlobalSection
EndGlobal
